
Microsoft Visual Studio Solution File, Format Version 12.00
# Visual Studio Version 16
VisualStudioVersion = 16.0.30907.101
MinimumVisualStudioVersion = 10.0.40219.1
Project("{FAE04EC0-301F-11D3-BF4B-00C04F79EFBC}") = "BengansBowling", "InlämningMartinH\BengansBowling.csproj", "{4488D9C3-9788-459A-9E44-5E99996DCC39}"
EndProject
Project("{FAE04EC0-301F-11D3-BF4B-00C04F79EFBC}") = "BowlingLaneService", "BowlingLaneService\BowlingLaneService.csproj", "{169F8B8F-18EF-423E-9A85-E62C70CC28CA}"
EndProject
Project("{FAE04EC0-301F-11D3-BF4B-00C04F79EFBC}") = "PointsService", "PointsService\PointsService.csproj", "{AC0C959E-6DDC-4E60-BE56-D5F24E8F5CB2}"
EndProject
Global
	GlobalSection(SolutionConfigurationPlatforms) = preSolution
		Debug|Any CPU = Debug|Any CPU
		Release|Any CPU = Release|Any CPU
	EndGlobalSection
	GlobalSection(ProjectConfigurationPlatforms) = postSolution
		{4488D9C3-9788-459A-9E44-5E99996DCC39}.Debug|Any CPU.ActiveCfg = Debug|Any CPU
		{4488D9C3-9788-459A-9E44-5E99996DCC39}.Debug|Any CPU.Build.0 = Debug|Any CPU
		{4488D9C3-9788-459A-9E44-5E99996DCC39}.Release|Any CPU.ActiveCfg = Release|Any CPU
		{4488D9C3-9788-459A-9E44-5E99996DCC39}.Release|Any CPU.Build.0 = Release|Any CPU
		{169F8B8F-18EF-423E-9A85-E62C70CC28CA}.Debug|Any CPU.ActiveCfg = Debug|Any CPU
		{169F8B8F-18EF-423E-9A85-E62C70CC28CA}.Debug|Any CPU.Build.0 = Debug|Any CPU
		{169F8B8F-18EF-423E-9A85-E62C70CC28CA}.Release|Any CPU.ActiveCfg = Release|Any CPU
		{169F8B8F-18EF-423E-9A85-E62C70CC28CA}.Release|Any CPU.Build.0 = Release|Any CPU
		{AC0C959E-6DDC-4E60-BE56-D5F24E8F5CB2}.Debug|Any CPU.ActiveCfg = Debug|Any CPU
		{AC0C959E-6DDC-4E60-BE56-D5F24E8F5CB2}.Debug|Any CPU.Build.0 = Debug|Any CPU
		{AC0C959E-6DDC-4E60-BE56-D5F24E8F5CB2}.Release|Any CPU.ActiveCfg = Release|Any CPU
		{AC0C959E-6DDC-4E60-BE56-D5F24E8F5CB2}.Release|Any CPU.Build.0 = Release|Any CPU
	EndGlobalSection
	GlobalSection(SolutionProperties) = preSolution
		HideSolutionNode = FALSE
	EndGlobalSection
	GlobalSection(ExtensibilityGlobals) = postSolution
		SolutionGuid = {D49050D5-839A-45B0-99E8-2E62E136255D}
	EndGlobalSection
EndGlobal
